
Microsoft Visual Studio Solution File, Format Version 12.00
# Visual Studio Version 17
VisualStudioVersion = 17.2.32616.157
MinimumVisualStudioVersion = 10.0.40219.1
Project("{9A19103F-16F7-4668-BE54-9A1E7A4F7556}") = "CanConNet", "samples\public\CanConNet\CanConNet.csproj", "{1ECF85AB-8A39-3A22-D377-EBC73F211877}"
EndProject
Project("{9A19103F-16F7-4668-BE54-9A1E7A4F7556}") = "CanFdConNet", "samples\public\CanFdConNet\CanFdConNet.csproj", "{C8A146B8-3457-BFAD-BD4B-B9842900B6B1}"
EndProject
Project("{9A19103F-16F7-4668-BE54-9A1E7A4F7556}") = "LinConNet", "samples\public\LinConNet\LinConNet.csproj", "{2F6FF425-9BD9-A89C-E417-5A4250C186F1}"
EndProject
Global
	GlobalSection(SolutionConfigurationPlatforms) = preSolution
		Debug|Any CPU = Debug|Any CPU
		Debug|x64 = Debug|x64
		Debug|x86 = Debug|x86
		Release|Any CPU = Release|Any CPU
		Release|x64 = Release|x64
		Release|x86 = Release|x86
	EndGlobalSection
	GlobalSection(ProjectConfigurationPlatforms) = postSolution
		{1ECF85AB-8A39-3A22-D377-EBC73F211877}.Debug|Any CPU.ActiveCfg = Debug|Any CPU
		{1ECF85AB-8A39-3A22-D377-EBC73F211877}.Debug|Any CPU.Build.0 = Debug|Any CPU
		{1ECF85AB-8A39-3A22-D377-EBC73F211877}.Debug|x64.ActiveCfg = Debug|Any CPU
		{1ECF85AB-8A39-3A22-D377-EBC73F211877}.Debug|x64.Build.0 = Debug|Any CPU
		{1ECF85AB-8A39-3A22-D377-EBC73F211877}.Debug|x86.ActiveCfg = Debug|Any CPU
		{1ECF85AB-8A39-3A22-D377-EBC73F211877}.Debug|x86.Build.0 = Debug|Any CPU
		{1ECF85AB-8A39-3A22-D377-EBC73F211877}.Release|Any CPU.ActiveCfg = Release|Any CPU
		{1ECF85AB-8A39-3A22-D377-EBC73F211877}.Release|Any CPU.Build.0 = Release|Any CPU
		{1ECF85AB-8A39-3A22-D377-EBC73F211877}.Release|x64.ActiveCfg = Release|Any CPU
		{1ECF85AB-8A39-3A22-D377-EBC73F211877}.Release|x64.Build.0 = Release|Any CPU
		{1ECF85AB-8A39-3A22-D377-EBC73F211877}.Release|x86.ActiveCfg = Release|Any CPU
		{1ECF85AB-8A39-3A22-D377-EBC73F211877}.Release|x86.Build.0 = Release|Any CPU
		{C8A146B8-3457-BFAD-BD4B-B9842900B6B1}.Debug|Any CPU.ActiveCfg = Debug|Any CPU
		{C8A146B8-3457-BFAD-BD4B-B9842900B6B1}.Debug|Any CPU.Build.0 = Debug|Any CPU
		{C8A146B8-3457-BFAD-BD4B-B9842900B6B1}.Debug|x64.ActiveCfg = Debug|Any CPU
		{C8A146B8-3457-BFAD-BD4B-B9842900B6B1}.Debug|x64.Build.0 = Debug|Any CPU
		{C8A146B8-3457-BFAD-BD4B-B9842900B6B1}.Debug|x86.ActiveCfg = Debug|Any CPU
		{C8A146B8-3457-BFAD-BD4B-B9842900B6B1}.Debug|x86.Build.0 = Debug|Any CPU
		{C8A146B8-3457-BFAD-BD4B-B9842900B6B1}.Release|Any CPU.ActiveCfg = Release|Any CPU
		{C8A146B8-3457-BFAD-BD4B-B9842900B6B1}.Release|Any CPU.Build.0 = Release|Any CPU
		{C8A146B8-3457-BFAD-BD4B-B9842900B6B1}.Release|x64.ActiveCfg = Release|Any CPU
		{C8A146B8-3457-BFAD-BD4B-B9842900B6B1}.Release|x64.Build.0 = Release|Any CPU
		{C8A146B8-3457-BFAD-BD4B-B9842900B6B1}.Release|x86.ActiveCfg = Release|Any CPU
		{C8A146B8-3457-BFAD-BD4B-B9842900B6B1}.Release|x86.Build.0 = Release|Any CPU
		{2F6FF425-9BD9-A89C-E417-5A4250C186F1}.Debug|Any CPU.ActiveCfg = Debug|Any CPU
		{2F6FF425-9BD9-A89C-E417-5A4250C186F1}.Debug|Any CPU.Build.0 = Debug|Any CPU
		{2F6FF425-9BD9-A89C-E417-5A4250C186F1}.Debug|x64.ActiveCfg = Debug|Any CPU
		{2F6FF425-9BD9-A89C-E417-5A4250C186F1}.Debug|x64.Build.0 = Debug|Any CPU
		{2F6FF425-9BD9-A89C-E417-5A4250C186F1}.Debug|x86.ActiveCfg = Debug|Any CPU
		{2F6FF425-9BD9-A89C-E417-5A4250C186F1}.Debug|x86.Build.0 = Debug|Any CPU
		{2F6FF425-9BD9-A89C-E417-5A4250C186F1}.Release|Any CPU.ActiveCfg = Release|Any CPU
		{2F6FF425-9BD9-A89C-E417-5A4250C186F1}.Release|Any CPU.Build.0 = Release|Any CPU
		{2F6FF425-9BD9-A89C-E417-5A4250C186F1}.Release|x64.ActiveCfg = Release|Any CPU
		{2F6FF425-9BD9-A89C-E417-5A4250C186F1}.Release|x64.Build.0 = Release|Any CPU
		{2F6FF425-9BD9-A89C-E417-5A4250C186F1}.Release|x86.ActiveCfg = Release|Any CPU
		{2F6FF425-9BD9-A89C-E417-5A4250C186F1}.Release|x86.Build.0 = Release|Any CPU
	EndGlobalSection
	GlobalSection(SolutionProperties) = preSolution
		HideSolutionNode = FALSE
	EndGlobalSection
	GlobalSection(ExtensibilityGlobals) = postSolution
		SolutionGuid = {934B6429-2A94-42A4-9AED-DEA49F11B235}
	EndGlobalSection
EndGlobal
