
Microsoft Visual Studio Solution File, Format Version 12.00
# Visual Studio Version 16
VisualStudioVersion = 16.0.32602.291
MinimumVisualStudioVersion = 10.0.40219.1
Project("{9A19103F-16F7-4668-BE54-9A1E7A4F7556}") = "CanLineControl", "samples\private\CanLineControl\CanLineControl.csproj", "{E044895D-CC12-7D63-B5A6-ED89A11359C8}"
EndProject
Project("{FAE04EC0-301F-11D3-BF4B-00C04F79EFBC}") = "DeviceEnumerator", "samples\private\DeviceEnumerator\DeviceEnumerator.csproj", "{77E430A9-63DD-4FFB-8C0F-358078672F07}"
EndProject
Project("{FAE04EC0-301F-11D3-BF4B-00C04F79EFBC}") = "DriverEnumerator", "samples\private\DriverEnumerator\DriverEnumerator.csproj", "{B3F4FD20-9FED-1C73-C81F-02F8B477FC7E}"
EndProject
Project("{FAE04EC0-301F-11D3-BF4B-00C04F79EFBC}") = "LinLineControl", "samples\private\LinLineControl\LinLineControl.csproj", "{9197C3ED-7D65-B7F3-66F9-271A52669358}"
EndProject
Project("{FAE04EC0-301F-11D3-BF4B-00C04F79EFBC}") = "LinLineMonitor", "samples\private\LinLineMonitor\LinLineMonitor.csproj", "{78F783EF-64C5-77F5-4D59-E81B39C6535A}"
EndProject
Project("{FAE04EC0-301F-11D3-BF4B-00C04F79EFBC}") = "SocketEnumerator", "samples\private\SocketEnumerator\SocketEnumerator.csproj", "{D08B672C-BC84-867E-E5B6-6B03D10E668A}"
EndProject
Project("{FAE04EC0-301F-11D3-BF4B-00C04F79EFBC}") = "Ixxat.Vci4.Controls", "samples\private\vcinet2controls\Ixxat.Vci4.Controls.csproj", "{59DCBE9E-C53D-9CAC-4EAB-E25EBA0BD36B}"
EndProject
Project("{F184B08F-C81C-45F6-A57F-5ABD9991F28F}") = "VCI4VBDemo", "samples\private\VisualBasicNET\VCI4VBDemo.vbproj", "{2DA5A3B7-4A1D-4C5F-8593-C6A8055E7E88}"
EndProject
Global
	GlobalSection(SolutionConfigurationPlatforms) = preSolution
		Debug|Any CPU = Debug|Any CPU
		Debug|x64 = Debug|x64
		Debug|x86 = Debug|x86
		Release|Any CPU = Release|Any CPU
		Release|x64 = Release|x64
		Release|x86 = Release|x86
	EndGlobalSection
	GlobalSection(ProjectConfigurationPlatforms) = postSolution
		{E044895D-CC12-7D63-B5A6-ED89A11359C8}.Debug|Any CPU.ActiveCfg = Debug|Any CPU
		{E044895D-CC12-7D63-B5A6-ED89A11359C8}.Debug|Any CPU.Build.0 = Debug|Any CPU
		{E044895D-CC12-7D63-B5A6-ED89A11359C8}.Debug|x64.ActiveCfg = Debug|Any CPU
		{E044895D-CC12-7D63-B5A6-ED89A11359C8}.Debug|x64.Build.0 = Debug|Any CPU
		{E044895D-CC12-7D63-B5A6-ED89A11359C8}.Debug|x86.ActiveCfg = Debug|Any CPU
		{E044895D-CC12-7D63-B5A6-ED89A11359C8}.Debug|x86.Build.0 = Debug|Any CPU
		{E044895D-CC12-7D63-B5A6-ED89A11359C8}.Release|Any CPU.ActiveCfg = Release|Any CPU
		{E044895D-CC12-7D63-B5A6-ED89A11359C8}.Release|Any CPU.Build.0 = Release|Any CPU
		{E044895D-CC12-7D63-B5A6-ED89A11359C8}.Release|x64.ActiveCfg = Release|Any CPU
		{E044895D-CC12-7D63-B5A6-ED89A11359C8}.Release|x64.Build.0 = Release|Any CPU
		{E044895D-CC12-7D63-B5A6-ED89A11359C8}.Release|x86.ActiveCfg = Release|Any CPU
		{E044895D-CC12-7D63-B5A6-ED89A11359C8}.Release|x86.Build.0 = Release|Any CPU
		{77E430A9-63DD-4FFB-8C0F-358078672F07}.Debug|Any CPU.ActiveCfg = Debug|Any CPU
		{77E430A9-63DD-4FFB-8C0F-358078672F07}.Debug|Any CPU.Build.0 = Debug|Any CPU
		{77E430A9-63DD-4FFB-8C0F-358078672F07}.Debug|x64.ActiveCfg = Debug|Any CPU
		{77E430A9-63DD-4FFB-8C0F-358078672F07}.Debug|x64.Build.0 = Debug|Any CPU
		{77E430A9-63DD-4FFB-8C0F-358078672F07}.Debug|x86.ActiveCfg = Debug|Any CPU
		{77E430A9-63DD-4FFB-8C0F-358078672F07}.Debug|x86.Build.0 = Debug|Any CPU
		{77E430A9-63DD-4FFB-8C0F-358078672F07}.Release|Any CPU.ActiveCfg = Release|Any CPU
		{77E430A9-63DD-4FFB-8C0F-358078672F07}.Release|Any CPU.Build.0 = Release|Any CPU
		{77E430A9-63DD-4FFB-8C0F-358078672F07}.Release|x64.ActiveCfg = Release|Any CPU
		{77E430A9-63DD-4FFB-8C0F-358078672F07}.Release|x64.Build.0 = Release|Any CPU
		{77E430A9-63DD-4FFB-8C0F-358078672F07}.Release|x86.ActiveCfg = Release|Any CPU
		{77E430A9-63DD-4FFB-8C0F-358078672F07}.Release|x86.Build.0 = Release|Any CPU
		{B3F4FD20-9FED-1C73-C81F-02F8B477FC7E}.Debug|Any CPU.ActiveCfg = Debug|Any CPU
		{B3F4FD20-9FED-1C73-C81F-02F8B477FC7E}.Debug|Any CPU.Build.0 = Debug|Any CPU
		{B3F4FD20-9FED-1C73-C81F-02F8B477FC7E}.Debug|x64.ActiveCfg = Debug|Any CPU
		{B3F4FD20-9FED-1C73-C81F-02F8B477FC7E}.Debug|x64.Build.0 = Debug|Any CPU
		{B3F4FD20-9FED-1C73-C81F-02F8B477FC7E}.Debug|x86.ActiveCfg = Debug|Any CPU
		{B3F4FD20-9FED-1C73-C81F-02F8B477FC7E}.Debug|x86.Build.0 = Debug|Any CPU
		{B3F4FD20-9FED-1C73-C81F-02F8B477FC7E}.Release|Any CPU.ActiveCfg = Release|Any CPU
		{B3F4FD20-9FED-1C73-C81F-02F8B477FC7E}.Release|Any CPU.Build.0 = Release|Any CPU
		{B3F4FD20-9FED-1C73-C81F-02F8B477FC7E}.Release|x64.ActiveCfg = Release|Any CPU
		{B3F4FD20-9FED-1C73-C81F-02F8B477FC7E}.Release|x64.Build.0 = Release|Any CPU
		{B3F4FD20-9FED-1C73-C81F-02F8B477FC7E}.Release|x86.ActiveCfg = Release|Any CPU
		{B3F4FD20-9FED-1C73-C81F-02F8B477FC7E}.Release|x86.Build.0 = Release|Any CPU
		{9197C3ED-7D65-B7F3-66F9-271A52669358}.Debug|Any CPU.ActiveCfg = Debug|Any CPU
		{9197C3ED-7D65-B7F3-66F9-271A52669358}.Debug|Any CPU.Build.0 = Debug|Any CPU
		{9197C3ED-7D65-B7F3-66F9-271A52669358}.Debug|x64.ActiveCfg = Debug|Any CPU
		{9197C3ED-7D65-B7F3-66F9-271A52669358}.Debug|x64.Build.0 = Debug|Any CPU
		{9197C3ED-7D65-B7F3-66F9-271A52669358}.Debug|x86.ActiveCfg = Debug|Any CPU
		{9197C3ED-7D65-B7F3-66F9-271A52669358}.Debug|x86.Build.0 = Debug|Any CPU
		{9197C3ED-7D65-B7F3-66F9-271A52669358}.Release|Any CPU.ActiveCfg = Release|Any CPU
		{9197C3ED-7D65-B7F3-66F9-271A52669358}.Release|Any CPU.Build.0 = Release|Any CPU
		{9197C3ED-7D65-B7F3-66F9-271A52669358}.Release|x64.ActiveCfg = Release|Any CPU
		{9197C3ED-7D65-B7F3-66F9-271A52669358}.Release|x64.Build.0 = Release|Any CPU
		{9197C3ED-7D65-B7F3-66F9-271A52669358}.Release|x86.ActiveCfg = Release|Any CPU
		{9197C3ED-7D65-B7F3-66F9-271A52669358}.Release|x86.Build.0 = Release|Any CPU
		{78F783EF-64C5-77F5-4D59-E81B39C6535A}.Debug|Any CPU.ActiveCfg = Debug|Any CPU
		{78F783EF-64C5-77F5-4D59-E81B39C6535A}.Debug|Any CPU.Build.0 = Debug|Any CPU
		{78F783EF-64C5-77F5-4D59-E81B39C6535A}.Debug|x64.ActiveCfg = Debug|Any CPU
		{78F783EF-64C5-77F5-4D59-E81B39C6535A}.Debug|x64.Build.0 = Debug|Any CPU
		{78F783EF-64C5-77F5-4D59-E81B39C6535A}.Debug|x86.ActiveCfg = Debug|Any CPU
		{78F783EF-64C5-77F5-4D59-E81B39C6535A}.Debug|x86.Build.0 = Debug|Any CPU
		{78F783EF-64C5-77F5-4D59-E81B39C6535A}.Release|Any CPU.ActiveCfg = Release|Any CPU
		{78F783EF-64C5-77F5-4D59-E81B39C6535A}.Release|Any CPU.Build.0 = Release|Any CPU
		{78F783EF-64C5-77F5-4D59-E81B39C6535A}.Release|x64.ActiveCfg = Release|Any CPU
		{78F783EF-64C5-77F5-4D59-E81B39C6535A}.Release|x64.Build.0 = Release|Any CPU
		{78F783EF-64C5-77F5-4D59-E81B39C6535A}.Release|x86.ActiveCfg = Release|Any CPU
		{78F783EF-64C5-77F5-4D59-E81B39C6535A}.Release|x86.Build.0 = Release|Any CPU
		{D08B672C-BC84-867E-E5B6-6B03D10E668A}.Debug|Any CPU.ActiveCfg = Debug|Any CPU
		{D08B672C-BC84-867E-E5B6-6B03D10E668A}.Debug|Any CPU.Build.0 = Debug|Any CPU
		{D08B672C-BC84-867E-E5B6-6B03D10E668A}.Debug|x64.ActiveCfg = Debug|Any CPU
		{D08B672C-BC84-867E-E5B6-6B03D10E668A}.Debug|x64.Build.0 = Debug|Any CPU
		{D08B672C-BC84-867E-E5B6-6B03D10E668A}.Debug|x86.ActiveCfg = Debug|Any CPU
		{D08B672C-BC84-867E-E5B6-6B03D10E668A}.Debug|x86.Build.0 = Debug|Any CPU
		{D08B672C-BC84-867E-E5B6-6B03D10E668A}.Release|Any CPU.ActiveCfg = Release|Any CPU
		{D08B672C-BC84-867E-E5B6-6B03D10E668A}.Release|Any CPU.Build.0 = Release|Any CPU
		{D08B672C-BC84-867E-E5B6-6B03D10E668A}.Release|x64.ActiveCfg = Release|Any CPU
		{D08B672C-BC84-867E-E5B6-6B03D10E668A}.Release|x64.Build.0 = Release|Any CPU
		{D08B672C-BC84-867E-E5B6-6B03D10E668A}.Release|x86.ActiveCfg = Release|Any CPU
		{D08B672C-BC84-867E-E5B6-6B03D10E668A}.Release|x86.Build.0 = Release|Any CPU
		{59DCBE9E-C53D-9CAC-4EAB-E25EBA0BD36B}.Debug|Any CPU.ActiveCfg = Debug|Any CPU
		{59DCBE9E-C53D-9CAC-4EAB-E25EBA0BD36B}.Debug|Any CPU.Build.0 = Debug|Any CPU
		{59DCBE9E-C53D-9CAC-4EAB-E25EBA0BD36B}.Debug|x64.ActiveCfg = Debug|Any CPU
		{59DCBE9E-C53D-9CAC-4EAB-E25EBA0BD36B}.Debug|x64.Build.0 = Debug|Any CPU
		{59DCBE9E-C53D-9CAC-4EAB-E25EBA0BD36B}.Debug|x86.ActiveCfg = Debug|Any CPU
		{59DCBE9E-C53D-9CAC-4EAB-E25EBA0BD36B}.Debug|x86.Build.0 = Debug|Any CPU
		{59DCBE9E-C53D-9CAC-4EAB-E25EBA0BD36B}.Release|Any CPU.ActiveCfg = Release|Any CPU
		{59DCBE9E-C53D-9CAC-4EAB-E25EBA0BD36B}.Release|Any CPU.Build.0 = Release|Any CPU
		{59DCBE9E-C53D-9CAC-4EAB-E25EBA0BD36B}.Release|x64.ActiveCfg = Release|Any CPU
		{59DCBE9E-C53D-9CAC-4EAB-E25EBA0BD36B}.Release|x64.Build.0 = Release|Any CPU
		{59DCBE9E-C53D-9CAC-4EAB-E25EBA0BD36B}.Release|x86.ActiveCfg = Release|Any CPU
		{59DCBE9E-C53D-9CAC-4EAB-E25EBA0BD36B}.Release|x86.Build.0 = Release|Any CPU
		{2DA5A3B7-4A1D-4C5F-8593-C6A8055E7E88}.Debug|Any CPU.ActiveCfg = Debug|x86
		{2DA5A3B7-4A1D-4C5F-8593-C6A8055E7E88}.Debug|x64.ActiveCfg = Debug|x86
		{2DA5A3B7-4A1D-4C5F-8593-C6A8055E7E88}.Debug|x86.ActiveCfg = Debug|x86
		{2DA5A3B7-4A1D-4C5F-8593-C6A8055E7E88}.Debug|x86.Build.0 = Debug|x86
		{2DA5A3B7-4A1D-4C5F-8593-C6A8055E7E88}.Release|Any CPU.ActiveCfg = Release|x86
		{2DA5A3B7-4A1D-4C5F-8593-C6A8055E7E88}.Release|Any CPU.Build.0 = Release|x86
		{2DA5A3B7-4A1D-4C5F-8593-C6A8055E7E88}.Release|x64.ActiveCfg = Release|x86
		{2DA5A3B7-4A1D-4C5F-8593-C6A8055E7E88}.Release|x86.ActiveCfg = Release|x86
		{2DA5A3B7-4A1D-4C5F-8593-C6A8055E7E88}.Release|x86.Build.0 = Release|x86
	EndGlobalSection
	GlobalSection(SolutionProperties) = preSolution
		HideSolutionNode = FALSE
	EndGlobalSection
	GlobalSection(ExtensibilityGlobals) = postSolution
		SolutionGuid = {934B6429-2A94-42A4-9AED-DEA49F11B235}
	EndGlobalSection
EndGlobal
